
Microsoft Visual Studio Solution File, Format Version 12.00
# Visual Studio Version 17
VisualStudioVersion = 17.13.35931.197 d17.13
MinimumVisualStudioVersion = 10.0.40219.1
Project("{FAE04EC0-301F-11D3-BF4B-00C04F79EFBC}") = "Todo.Core", "Todo.Core\Todo.Core.csproj", "{956FE6C3-DCAD-4D08-A625-31BD24675EA8}"
EndProject
Global
	GlobalSection(SolutionConfigurationPlatforms) = preSolution
		Debug|Any CPU = Debug|Any CPU
		Release|Any CPU = Release|Any CPU
	EndGlobalSection
	GlobalSection(ProjectConfigurationPlatforms) = postSolution
		{956FE6C3-DCAD-4D08-A625-31BD24675EA8}.Debug|Any CPU.ActiveCfg = Debug|Any CPU
		{956FE6C3-DCAD-4D08-A625-31BD24675EA8}.Debug|Any CPU.Build.0 = Debug|Any CPU
		{956FE6C3-DCAD-4D08-A625-31BD24675EA8}.Release|Any CPU.ActiveCfg = Release|Any CPU
		{956FE6C3-DCAD-4D08-A625-31BD24675EA8}.Release|Any CPU.Build.0 = Release|Any CPU
	EndGlobalSection
	GlobalSection(SolutionProperties) = preSolution
		HideSolutionNode = FALSE
	EndGlobalSection
	GlobalSection(ExtensibilityGlobals) = postSolution
		SolutionGuid = {76A2ACD6-274B-40EA-A212-2A3BBD082142}
	EndGlobalSection
EndGlobal
